
Microsoft Visual Studio Solution File, Format Version 12.00
Project("{FAE04EC0-301F-11D3-BF4B-00C04F79EFBC}") = "Task 1", "Task 1\Task 1.csproj", "{8C0693D2-304E-4F3C-B5E7-6F4D0398F0EC}"
EndProject
Project("{FAE04EC0-301F-11D3-BF4B-00C04F79EFBC}") = "Task 2", "Task 2\Task 2.csproj", "{EFD6C50C-9056-4361-BEB6-C9A9A34E41BE}"
EndProject
Global
	GlobalSection(SolutionConfigurationPlatforms) = preSolution
		Debug|Any CPU = Debug|Any CPU
		Release|Any CPU = Release|Any CPU
	EndGlobalSection
	GlobalSection(ProjectConfigurationPlatforms) = postSolution
		{8C0693D2-304E-4F3C-B5E7-6F4D0398F0EC}.Debug|Any CPU.ActiveCfg = Debug|Any CPU
		{8C0693D2-304E-4F3C-B5E7-6F4D0398F0EC}.Debug|Any CPU.Build.0 = Debug|Any CPU
		{8C0693D2-304E-4F3C-B5E7-6F4D0398F0EC}.Release|Any CPU.ActiveCfg = Release|Any CPU
		{8C0693D2-304E-4F3C-B5E7-6F4D0398F0EC}.Release|Any CPU.Build.0 = Release|Any CPU
		{EFD6C50C-9056-4361-BEB6-C9A9A34E41BE}.Debug|Any CPU.ActiveCfg = Debug|Any CPU
		{EFD6C50C-9056-4361-BEB6-C9A9A34E41BE}.Debug|Any CPU.Build.0 = Debug|Any CPU
		{EFD6C50C-9056-4361-BEB6-C9A9A34E41BE}.Release|Any CPU.ActiveCfg = Release|Any CPU
		{EFD6C50C-9056-4361-BEB6-C9A9A34E41BE}.Release|Any CPU.Build.0 = Release|Any CPU
	EndGlobalSection
EndGlobal
